
Microsoft Visual Studio Solution File, Format Version 12.00
# Visual Studio Version 16
VisualStudioVersion = 16.0.29001.49
MinimumVisualStudioVersion = 10.0.40219.1
Project("{FAE04EC0-301F-11D3-BF4B-00C04F79EFBC}") = "SportStore", "SportStore\SportStore.csproj", "{A956B447-F050-48A3-AAEB-FCB509346CFF}"
EndProject
Global
	GlobalSection(SolutionConfigurationPlatforms) = preSolution
		Debug|Any CPU = Debug|Any CPU
		Release|Any CPU = Release|Any CPU
	EndGlobalSection
	GlobalSection(ProjectConfigurationPlatforms) = postSolution
		{A956B447-F050-48A3-AAEB-FCB509346CFF}.Debug|Any CPU.ActiveCfg = Debug|Any CPU
		{A956B447-F050-48A3-AAEB-FCB509346CFF}.Debug|Any CPU.Build.0 = Debug|Any CPU
		{A956B447-F050-48A3-AAEB-FCB509346CFF}.Release|Any CPU.ActiveCfg = Release|Any CPU
		{A956B447-F050-48A3-AAEB-FCB509346CFF}.Release|Any CPU.Build.0 = Release|Any CPU
	EndGlobalSection
	GlobalSection(SolutionProperties) = preSolution
		HideSolutionNode = FALSE
	EndGlobalSection
	GlobalSection(ExtensibilityGlobals) = postSolution
		SolutionGuid = {F67ED46E-02C9-4869-AA71-F6B4189D0397}
	EndGlobalSection
EndGlobal
